
Microsoft Visual Studio Solution File, Format Version 12.00
# Visual Studio Version 17
VisualStudioVersion = 17.10.35013.160
MinimumVisualStudioVersion = 10.0.40219.1
Project("{9A19103F-16F7-4668-BE54-9A1E7A4F7556}") = "ArmNPU", "ArmNPU\ArmNPU.csproj", "{806BB945-42E8-4F85-ACFA-55A36683F52D}"
EndProject
Global
	GlobalSection(SolutionConfigurationPlatforms) = preSolution
		Debug|Any CPU = Debug|Any CPU
		Debug|ARM64 = Debug|ARM64
		Release|Any CPU = Release|Any CPU
		Release|ARM64 = Release|ARM64
	EndGlobalSection
	GlobalSection(ProjectConfigurationPlatforms) = postSolution
		{806BB945-42E8-4F85-ACFA-55A36683F52D}.Debug|Any CPU.ActiveCfg = Debug|Any CPU
		{806BB945-42E8-4F85-ACFA-55A36683F52D}.Debug|Any CPU.Build.0 = Debug|Any CPU
		{806BB945-42E8-4F85-ACFA-55A36683F52D}.Debug|ARM64.ActiveCfg = Debug|ARM64
		{806BB945-42E8-4F85-ACFA-55A36683F52D}.Debug|ARM64.Build.0 = Debug|ARM64
		{806BB945-42E8-4F85-ACFA-55A36683F52D}.Release|Any CPU.ActiveCfg = Release|Any CPU
		{806BB945-42E8-4F85-ACFA-55A36683F52D}.Release|Any CPU.Build.0 = Release|Any CPU
		{806BB945-42E8-4F85-ACFA-55A36683F52D}.Release|ARM64.ActiveCfg = Release|ARM64
		{806BB945-42E8-4F85-ACFA-55A36683F52D}.Release|ARM64.Build.0 = Release|ARM64
	EndGlobalSection
	GlobalSection(SolutionProperties) = preSolution
		HideSolutionNode = FALSE
	EndGlobalSection
	GlobalSection(ExtensibilityGlobals) = postSolution
		SolutionGuid = {6946A6EB-5DDE-4A74-903E-41C647FE07FA}
	EndGlobalSection
EndGlobal
