<?xml version="1.0" encoding="utf-8"?>
<Project ToolsVersion="4.0" xmlns="http://schemas.microsoft.com/developer/msbuild/2003">
  <ItemGroup>
    <Filter Include="Source Files">
      <UniqueIdentifier>{4FC737F1-C7A5-4376-A066-2A32D752A2FF}</UniqueIdentifier>
      <Extensions>cpp;c;cc;cxx;c++;cppm;ixx;def;odl;idl;hpj;bat;asm;asmx</Extensions>
    </Filter>
    <Filter Include="Header Files">
      <UniqueIdentifier>{93995380-89BD-4b04-88EB-625FBE52EBFB}</UniqueIdentifier>
      <Extensions>h;hh;hpp;hxx;h++;hm;inl;inc;ipp;xsd</Extensions>
    </Filter>
    <Filter Include="Resource Files">
      <UniqueIdentifier>{67DA6AB6-F800-4c08-8B7A-83BB121AAD01}</UniqueIdentifier>
      <Extensions>rc;ico;cur;bmp;dlg;rc2;rct;bin;rgs;gif;jpg;jpeg;jpe;resx;tiff;tif;png;wav;mfcribbon-ms</Extensions>
    </Filter>
    <Filter Include="Source Files\src">
      <UniqueIdentifier>{08bef2bb-347c-4186-9802-695561e27c99}</UniqueIdentifier>
    </Filter>
    <Filter Include="Source Files\src\Log">
      <UniqueIdentifier>{18c5ced1-a6f3-4073-8660-0a3a19596561}</UniqueIdentifier>
    </Filter>
    <Filter Include="Source Files\src\PAL">
      <UniqueIdentifier>{698a6231-77b2-4c6e-b5a8-a51bbf4a2287}</UniqueIdentifier>
    </Filter>
    <Filter Include="Source Files\src\PAL\include">
      <UniqueIdentifier>{ca6b35db-74c2-4a8e-8576-0b378f651cea}</UniqueIdentifier>
    </Filter>
    <Filter Include="Source Files\src\PAL\src">
      <UniqueIdentifier>{fdefc5f4-ac50-487d-afe7-277cc946eacd}</UniqueIdentifier>
    </Filter>
    <Filter Include="Source Files\src\PAL\include\PAL">
      <UniqueIdentifier>{6377e891-d01a-4bca-92da-3188d4f7c4f2}</UniqueIdentifier>
    </Filter>
    <Filter Include="Source Files\src\PAL\src\common">
      <UniqueIdentifier>{4330573c-4d1a-4bd6-8ccb-e23438bfb23b}</UniqueIdentifier>
    </Filter>
    <Filter Include="Source Files\src\PAL\src\windows">
      <UniqueIdentifier>{d858cd2a-1498-4742-95c6-54d796f12436}</UniqueIdentifier>
    </Filter>
    <Filter Include="Source Files\src\Utils">
      <UniqueIdentifier>{eb15f91e-0fe7-4f13-86b6-0f2f897fa178}</UniqueIdentifier>
    </Filter>
    <Filter Include="Source Files\src\WrapperUtils">
      <UniqueIdentifier>{3a46c85b-cfe0-42a8-8cf6-0f7376e14bb5}</UniqueIdentifier>
    </Filter>
  </ItemGroup>
  <ItemGroup>
    <ClCompile Include="src\main.cpp">
      <Filter>Source Files\src</Filter>
    </ClCompile>
    <ClCompile Include="src\QnnSampleApp.cpp">
      <Filter>Source Files\src</Filter>
    </ClCompile>
    <ClCompile Include="src\Log\Logger.cpp">
      <Filter>Source Files\src\Log</Filter>
    </ClCompile>
    <ClCompile Include="src\Log\LogUtils.cpp">
      <Filter>Source Files\src\Log</Filter>
    </ClCompile>
    <ClCompile Include="src\PAL\src\common\GetOpt.cpp">
      <Filter>Source Files\src\PAL\src\common</Filter>
    </ClCompile>
    <ClCompile Include="src\PAL\src\common\StringOp.cpp">
      <Filter>Source Files\src\PAL\src\common</Filter>
    </ClCompile>
    <ClCompile Include="src\PAL\src\windows\Common.cpp">
      <Filter>Source Files\src\PAL\src\windows</Filter>
    </ClCompile>
    <ClCompile Include="src\PAL\src\windows\Directory.cpp">
      <Filter>Source Files\src\PAL\src\windows</Filter>
    </ClCompile>
    <ClCompile Include="src\PAL\src\windows\DynamicLoading.cpp">
      <Filter>Source Files\src\PAL\src\windows</Filter>
    </ClCompile>
    <ClCompile Include="src\PAL\src\windows\FileOp.cpp">
      <Filter>Source Files\src\PAL\src\windows</Filter>
    </ClCompile>
    <ClCompile Include="src\PAL\src\windows\Path.cpp">
      <Filter>Source Files\src\PAL\src\windows</Filter>
    </ClCompile>
    <ClCompile Include="src\Utils\DataUtil.cpp">
      <Filter>Source Files\src\Utils</Filter>
    </ClCompile>
    <ClCompile Include="src\Utils\DynamicLoadUtil.cpp">
      <Filter>Source Files\src\Utils</Filter>
    </ClCompile>
    <ClCompile Include="src\Utils\IOTensor.cpp">
      <Filter>Source Files\src\Utils</Filter>
    </ClCompile>
    <ClCompile Include="src\Utils\QnnSampleAppUtils.cpp">
      <Filter>Source Files\src\Utils</Filter>
    </ClCompile>
    <ClCompile Include="src\WrapperUtils\QnnWrapperUtils.cpp">
      <Filter>Source Files\src\WrapperUtils</Filter>
    </ClCompile>
    <ClCompile Include="StructOffsetGenerator.cpp">
      <Filter>Source Files</Filter>
    </ClCompile>
  </ItemGroup>
  <ItemGroup>
    <ClInclude Include="src\QnnSampleApp.hpp">
      <Filter>Source Files\src</Filter>
    </ClInclude>
    <ClInclude Include="src\QnnTypeMacros.hpp">
      <Filter>Source Files\src</Filter>
    </ClInclude>
    <ClInclude Include="src\SampleApp.hpp">
      <Filter>Source Files\src</Filter>
    </ClInclude>
    <ClInclude Include="src\Log\Logger.hpp">
      <Filter>Source Files\src\Log</Filter>
    </ClInclude>
    <ClInclude Include="src\Log\LogUtils.hpp">
      <Filter>Source Files\src\Log</Filter>
    </ClInclude>
    <ClInclude Include="src\PAL\include\PAL\Debug.hpp">
      <Filter>Source Files\src\PAL\include\PAL</Filter>
    </ClInclude>
    <ClInclude Include="src\PAL\include\PAL\Directory.hpp">
      <Filter>Source Files\src\PAL\include\PAL</Filter>
    </ClInclude>
    <ClInclude Include="src\PAL\include\PAL\DynamicLoading.hpp">
      <Filter>Source Files\src\PAL\include\PAL</Filter>
    </ClInclude>
    <ClInclude Include="src\PAL\include\PAL\FileOp.hpp">
      <Filter>Source Files\src\PAL\include\PAL</Filter>
    </ClInclude>
    <ClInclude Include="src\PAL\include\PAL\GetOpt.hpp">
      <Filter>Source Files\src\PAL\include\PAL</Filter>
    </ClInclude>
    <ClInclude Include="src\PAL\include\PAL\Path.hpp">
      <Filter>Source Files\src\PAL\include\PAL</Filter>
    </ClInclude>
    <ClInclude Include="src\PAL\include\PAL\StringOp.hpp">
      <Filter>Source Files\src\PAL\include\PAL</Filter>
    </ClInclude>
    <ClInclude Include="src\PAL\src\windows\Common.hpp">
      <Filter>Source Files\src\PAL\src\windows</Filter>
    </ClInclude>
    <ClInclude Include="src\Utils\BuildId.hpp">
      <Filter>Source Files\src\Utils</Filter>
    </ClInclude>
    <ClInclude Include="src\Utils\DataUtil.hpp">
      <Filter>Source Files\src\Utils</Filter>
    </ClInclude>
    <ClInclude Include="src\Utils\DynamicLoadUtil.hpp">
      <Filter>Source Files\src\Utils</Filter>
    </ClInclude>
    <ClInclude Include="src\Utils\IOTensor.hpp">
      <Filter>Source Files\src\Utils</Filter>
    </ClInclude>
    <ClInclude Include="src\Utils\QnnSampleAppUtils.hpp">
      <Filter>Source Files\src\Utils</Filter>
    </ClInclude>
    <ClInclude Include="src\WrapperUtils\QnnWrapperUtils.hpp">
      <Filter>Source Files\src\WrapperUtils</Filter>
    </ClInclude>
    <ClInclude Include="src\include\QNN\QnnError.h">
      <Filter>Header Files</Filter>
    </ClInclude>
    <ClInclude Include="src\include\QNN\QnnGraph.h">
      <Filter>Header Files</Filter>
    </ClInclude>
    <ClInclude Include="src\include\QNN\QnnInterface.h">
      <Filter>Header Files</Filter>
    </ClInclude>
    <ClInclude Include="src\include\QNN\QnnLog.h">
      <Filter>Header Files</Filter>
    </ClInclude>
    <ClInclude Include="src\include\QNN\QnnMem.h">
      <Filter>Header Files</Filter>
    </ClInclude>
    <ClInclude Include="src\include\QNN\QnnOpDef.h">
      <Filter>Header Files</Filter>
    </ClInclude>
    <ClInclude Include="src\include\QNN\QnnOpPackage.h">
      <Filter>Header Files</Filter>
    </ClInclude>
    <ClInclude Include="src\include\QNN\QnnProfile.h">
      <Filter>Header Files</Filter>
    </ClInclude>
    <ClInclude Include="src\include\QNN\QnnProperty.h">
      <Filter>Header Files</Filter>
    </ClInclude>
    <ClInclude Include="src\include\QNN\QnnSdkBuildId.h">
      <Filter>Header Files</Filter>
    </ClInclude>
    <ClInclude Include="src\include\QNN\QnnSignal.h">
      <Filter>Header Files</Filter>
    </ClInclude>
    <ClInclude Include="src\include\QNN\QnnTensor.h">
      <Filter>Header Files</Filter>
    </ClInclude>
    <ClInclude Include="src\include\QNN\QnnTypes.h">
      <Filter>Header Files</Filter>
    </ClInclude>
    <ClInclude Include="StructOffsetGenerator.h">
      <Filter>Header Files</Filter>
    </ClInclude>
  </ItemGroup>
  <ItemGroup>
    <None Include="Inception_v3_quantized.dll" />
    <None Include="QnnCpu.dll" />
    <None Include="QnnHtp.dll" />
    <None Include="QnnCpuAmr64.dll" />
  </ItemGroup>
  <ItemGroup>
    <Text Include="target_raw_list.txt" />
    <Text Include="raw_list.txt" />
  </ItemGroup>
</Project>