
Microsoft Visual Studio Solution File, Format Version 12.00
# Visual Studio Version 17
VisualStudioVersion = 17.10.35027.167
MinimumVisualStudioVersion = 10.0.40219.1
Project("{8BC9CEB8-8B4A-11D0-8D11-00A0C91BC942}") = "SampleApplication", "SampleApplication.vcxproj", "{8BAC471C-4F74-45CF-BA2D-C0200E529105}"
EndProject
Global
	GlobalSection(SolutionConfigurationPlatforms) = preSolution
		Debug|ARM64 = Debug|ARM64
		Debug|x64 = Debug|x64
		Debug|x86 = Debug|x86
		Release|ARM64 = Release|ARM64
		Release|x64 = Release|x64
		Release|x86 = Release|x86
	EndGlobalSection
	GlobalSection(ProjectConfigurationPlatforms) = postSolution
		{8BAC471C-4F74-45CF-BA2D-C0200E529105}.Debug|ARM64.ActiveCfg = Debug|ARM64
		{8BAC471C-4F74-45CF-BA2D-C0200E529105}.Debug|ARM64.Build.0 = Debug|ARM64
		{8BAC471C-4F74-45CF-BA2D-C0200E529105}.Debug|x64.ActiveCfg = Debug|x64
		{8BAC471C-4F74-45CF-BA2D-C0200E529105}.Debug|x64.Build.0 = Debug|x64
		{8BAC471C-4F74-45CF-BA2D-C0200E529105}.Debug|x86.ActiveCfg = Debug|Win32
		{8BAC471C-4F74-45CF-BA2D-C0200E529105}.Debug|x86.Build.0 = Debug|Win32
		{8BAC471C-4F74-45CF-BA2D-C0200E529105}.Release|ARM64.ActiveCfg = Release|ARM64
		{8BAC471C-4F74-45CF-BA2D-C0200E529105}.Release|ARM64.Build.0 = Release|ARM64
		{8BAC471C-4F74-45CF-BA2D-C0200E529105}.Release|x64.ActiveCfg = Release|x64
		{8BAC471C-4F74-45CF-BA2D-C0200E529105}.Release|x64.Build.0 = Release|x64
		{8BAC471C-4F74-45CF-BA2D-C0200E529105}.Release|x86.ActiveCfg = Release|Win32
		{8BAC471C-4F74-45CF-BA2D-C0200E529105}.Release|x86.Build.0 = Release|Win32
	EndGlobalSection
	GlobalSection(SolutionProperties) = preSolution
		HideSolutionNode = FALSE
	EndGlobalSection
	GlobalSection(ExtensibilityGlobals) = postSolution
		SolutionGuid = {239A30ED-BCBE-4D29-BAD7-38F9246546E2}
	EndGlobalSection
EndGlobal
